// !$*UTF8*$!
{
	archiveVersion = 1;
	classes = {
	};
	objectVersion = 55;
	objects = {

/* Begin PBXBuildFile section */
		DCDB943F277EF83300AD2864 /* AppDelegate.swift in Sources */ = {isa = PBXBuildFile; fileRef = DCDB943E277EF83300AD2864 /* AppDelegate.swift */; };
		DCDB9441277EF83300AD2864 /* SceneDelegate.swift in Sources */ = {isa = PBXBuildFile; fileRef = DCDB9440277EF83300AD2864 /* SceneDelegate.swift */; };
		DCDB9443277EF83300AD2864 /* ManufacturerListVC.swift in Sources */ = {isa = PBXBuildFile; fileRef = DCDB9442277EF83300AD2864 /* ManufacturerListVC.swift */; };
		DCDB9448277EF83600AD2864 /* Assets.xcassets in Resources */ = {isa = PBXBuildFile; fileRef = DCDB9447277EF83600AD2864 /* Assets.xcassets */; };
		DCDB944B277EF83600AD2864 /* LaunchScreen.storyboard in Resources */ = {isa = PBXBuildFile; fileRef = DCDB9449277EF83600AD2864 /* LaunchScreen.storyboard */; };
		DCDB9456277EF83600AD2864 /* SimpleTableViewCellViewModelTests.swift in Sources */ = {isa = PBXBuildFile; fileRef = DCDB9455277EF83600AD2864 /* SimpleTableViewCellViewModelTests.swift */; };
		DCDB9471277F0E7600AD2864 /* ManufactureListCoordinator.swift in Sources */ = {isa = PBXBuildFile; fileRef = DCDB9470277F0E7600AD2864 /* ManufactureListCoordinator.swift */; };
		DCDB9473277F107300AD2864 /* MultiPageListViewModel.swift in Sources */ = {isa = PBXBuildFile; fileRef = DCDB9472277F107300AD2864 /* MultiPageListViewModel.swift */; };
		DCDB9476277F11B800AD2864 /* RootCoordinator.swift in Sources */ = {isa = PBXBuildFile; fileRef = DCDB9475277F11B800AD2864 /* RootCoordinator.swift */; };
		DCDB9478277F11CA00AD2864 /* Coordinator.swift in Sources */ = {isa = PBXBuildFile; fileRef = DCDB9477277F11CA00AD2864 /* Coordinator.swift */; };
		DCDB9480277F450500AD2864 /* ServiceRouter.swift in Sources */ = {isa = PBXBuildFile; fileRef = DCDB947F277F450500AD2864 /* ServiceRouter.swift */; };
		DCDB9483277F45F000AD2864 /* MultiPageListModel.swift in Sources */ = {isa = PBXBuildFile; fileRef = DCDB9482277F45F000AD2864 /* MultiPageListModel.swift */; };
		DCDB9485277F45FA00AD2864 /* ManufactureService.swift in Sources */ = {isa = PBXBuildFile; fileRef = DCDB9484277F45FA00AD2864 /* ManufactureService.swift */; };
		DCDB9488277F4F2300AD2864 /* SimpleTableViewCell.swift in Sources */ = {isa = PBXBuildFile; fileRef = DCDB9487277F4F2300AD2864 /* SimpleTableViewCell.swift */; };
		DCDB948A277F4FAC00AD2864 /* SimpleTableViewCellViewModel.swift in Sources */ = {isa = PBXBuildFile; fileRef = DCDB9489277F4FAC00AD2864 /* SimpleTableViewCellViewModel.swift */; };
		DCDB948C277F556200AD2864 /* ServiceLauncher.swift in Sources */ = {isa = PBXBuildFile; fileRef = DCDB948B277F556200AD2864 /* ServiceLauncher.swift */; };
		DCDB948F277F63B800AD2864 /* Dependencies.swift in Sources */ = {isa = PBXBuildFile; fileRef = DCDB948E277F63B800AD2864 /* Dependencies.swift */; };
		DCDB9492277F955C00AD2864 /* TableViewExtensions.swift in Sources */ = {isa = PBXBuildFile; fileRef = DCDB9491277F955C00AD2864 /* TableViewExtensions.swift */; };
		DCDB9494277F9ACC00AD2864 /* UIViewControllerExtensions.swift in Sources */ = {isa = PBXBuildFile; fileRef = DCDB9493277F9ACC00AD2864 /* UIViewControllerExtensions.swift */; };
		DCDB9497277F9C1E00AD2864 /* ServiceRouterTests.swift in Sources */ = {isa = PBXBuildFile; fileRef = DCDB9496277F9C1E00AD2864 /* ServiceRouterTests.swift */; };
		DCDB9499277FA0B300AD2864 /* UIViewExtensions.swift in Sources */ = {isa = PBXBuildFile; fileRef = DCDB9498277FA0B300AD2864 /* UIViewExtensions.swift */; };
		DCDB949D277FA2BE00AD2864 /* BaseViewModel.swift in Sources */ = {isa = PBXBuildFile; fileRef = DCDB949C277FA2BE00AD2864 /* BaseViewModel.swift */; };
		DCDB949F277FA31C00AD2864 /* ManufactureViewModelTest.swift in Sources */ = {isa = PBXBuildFile; fileRef = DCDB949E277FA31C00AD2864 /* ManufactureViewModelTest.swift */; };
		DCDB94A3277FA40B00AD2864 /* MockServiceLauncher.swift in Sources */ = {isa = PBXBuildFile; fileRef = DCDB94A2277FA40B00AD2864 /* MockServiceLauncher.swift */; };
		DCDB94A9277FB49C00AD2864 /* CarModelService.swift in Sources */ = {isa = PBXBuildFile; fileRef = DCDB94A8277FB49C00AD2864 /* CarModelService.swift */; };
		DCDB94AE277FB55700AD2864 /* CarModelCoordinator.swift in Sources */ = {isa = PBXBuildFile; fileRef = DCDB94AD277FB55700AD2864 /* CarModelCoordinator.swift */; };
		DCDB94B0277FB8B800AD2864 /* CarModelVC.swift in Sources */ = {isa = PBXBuildFile; fileRef = DCDB94AF277FB8B800AD2864 /* CarModelVC.swift */; };
		DCDB94B3277FBE3B00AD2864 /* ManufacturerListViewModel.swift in Sources */ = {isa = PBXBuildFile; fileRef = DCDB94B2277FBE3B00AD2864 /* ManufacturerListViewModel.swift */; };
		DCDB94B5277FBEB900AD2864 /* CarModelViewModel.swift in Sources */ = {isa = PBXBuildFile; fileRef = DCDB94B4277FBEB900AD2864 /* CarModelViewModel.swift */; };
/* End PBXBuildFile section */

/* Begin PBXContainerItemProxy section */
		DCDB9452277EF83600AD2864 /* PBXContainerItemProxy */ = {
			isa = PBXContainerItemProxy;
			containerPortal = DCDB9433277EF83300AD2864 /* Project object */;
			proxyType = 1;
			remoteGlobalIDString = DCDB943A277EF83300AD2864;
			remoteInfo = CarsHub;
		};
/* End PBXContainerItemProxy section */

/* Begin PBXFileReference section */
		DCDB943B277EF83300AD2864 /* CarsHub.app */ = {isa = PBXFileReference; explicitFileType = wrapper.application; includeInIndex = 0; path = CarsHub.app; sourceTree = BUILT_PRODUCTS_DIR; };
		DCDB943E277EF83300AD2864 /* AppDelegate.swift */ = {isa = PBXFileReference; lastKnownFileType = sourcecode.swift; path = AppDelegate.swift; sourceTree = "<group>"; };
		DCDB9440277EF83300AD2864 /* SceneDelegate.swift */ = {isa = PBXFileReference; lastKnownFileType = sourcecode.swift; path = SceneDelegate.swift; sourceTree = "<group>"; };
		DCDB9442277EF83300AD2864 /* ManufacturerListVC.swift */ = {isa = PBXFileReference; lastKnownFileType = sourcecode.swift; path = ManufacturerListVC.swift; sourceTree = "<group>"; };
		DCDB9447277EF83600AD2864 /* Assets.xcassets */ = {isa = PBXFileReference; lastKnownFileType = folder.assetcatalog; path = Assets.xcassets; sourceTree = "<group>"; };
		DCDB944A277EF83600AD2864 /* Base */ = {isa = PBXFileReference; lastKnownFileType = file.storyboard; name = Base; path = Base.lproj/LaunchScreen.storyboard; sourceTree = "<group>"; };
		DCDB944C277EF83600AD2864 /* Info.plist */ = {isa = PBXFileReference; lastKnownFileType = text.plist.xml; path = Info.plist; sourceTree = "<group>"; };
		DCDB9451277EF83600AD2864 /* CarsHubTests.xctest */ = {isa = PBXFileReference; explicitFileType = wrapper.cfbundle; includeInIndex = 0; path = CarsHubTests.xctest; sourceTree = BUILT_PRODUCTS_DIR; };
		DCDB9455277EF83600AD2864 /* SimpleTableViewCellViewModelTests.swift */ = {isa = PBXFileReference; lastKnownFileType = sourcecode.swift; path = SimpleTableViewCellViewModelTests.swift; sourceTree = "<group>"; };
		DCDB9470277F0E7600AD2864 /* ManufactureListCoordinator.swift */ = {isa = PBXFileReference; lastKnownFileType = sourcecode.swift; path = ManufactureListCoordinator.swift; sourceTree = "<group>"; };
		DCDB9472277F107300AD2864 /* MultiPageListViewModel.swift */ = {isa = PBXFileReference; lastKnownFileType = sourcecode.swift; path = MultiPageListViewModel.swift; sourceTree = "<group>"; };
		DCDB9475277F11B800AD2864 /* RootCoordinator.swift */ = {isa = PBXFileReference; lastKnownFileType = sourcecode.swift; path = RootCoordinator.swift; sourceTree = "<group>"; };
		DCDB9477277F11CA00AD2864 /* Coordinator.swift */ = {isa = PBXFileReference; lastKnownFileType = sourcecode.swift; path = Coordinator.swift; sourceTree = "<group>"; };
		DCDB947F277F450500AD2864 /* ServiceRouter.swift */ = {isa = PBXFileReference; lastKnownFileType = sourcecode.swift; path = ServiceRouter.swift; sourceTree = "<group>"; };
		DCDB9482277F45F000AD2864 /* MultiPageListModel.swift */ = {isa = PBXFileReference; lastKnownFileType = sourcecode.swift; path = MultiPageListModel.swift; sourceTree = "<group>"; };
		DCDB9484277F45FA00AD2864 /* ManufactureService.swift */ = {isa = PBXFileReference; lastKnownFileType = sourcecode.swift; path = ManufactureService.swift; sourceTree = "<group>"; };
		DCDB9487277F4F2300AD2864 /* SimpleTableViewCell.swift */ = {isa = PBXFileReference; lastKnownFileType = sourcecode.swift; path = SimpleTableViewCell.swift; sourceTree = "<group>"; };
		DCDB9489277F4FAC00AD2864 /* SimpleTableViewCellViewModel.swift */ = {isa = PBXFileReference; lastKnownFileType = sourcecode.swift; path = SimpleTableViewCellViewModel.swift; sourceTree = "<group>"; };
		DCDB948B277F556200AD2864 /* ServiceLauncher.swift */ = {isa = PBXFileReference; lastKnownFileType = sourcecode.swift; path = ServiceLauncher.swift; sourceTree = "<group>"; };
		DCDB948E277F63B800AD2864 /* Dependencies.swift */ = {isa = PBXFileReference; lastKnownFileType = sourcecode.swift; path = Dependencies.swift; sourceTree = "<group>"; };
		DCDB9491277F955C00AD2864 /* TableViewExtensions.swift */ = {isa = PBXFileReference; lastKnownFileType = sourcecode.swift; path = TableViewExtensions.swift; sourceTree = "<group>"; };
		DCDB9493277F9ACC00AD2864 /* UIViewControllerExtensions.swift */ = {isa = PBXFileReference; lastKnownFileType = sourcecode.swift; path = UIViewControllerExtensions.swift; sourceTree = "<group>"; };
		DCDB9496277F9C1E00AD2864 /* ServiceRouterTests.swift */ = {isa = PBXFileReference; lastKnownFileType = sourcecode.swift; path = ServiceRouterTests.swift; sourceTree = "<group>"; };
		DCDB9498277FA0B300AD2864 /* UIViewExtensions.swift */ = {isa = PBXFileReference; lastKnownFileType = sourcecode.swift; path = UIViewExtensions.swift; sourceTree = "<group>"; };
		DCDB949C277FA2BE00AD2864 /* BaseViewModel.swift */ = {isa = PBXFileReference; lastKnownFileType = sourcecode.swift; path = BaseViewModel.swift; sourceTree = "<group>"; };
		DCDB949E277FA31C00AD2864 /* ManufactureViewModelTest.swift */ = {isa = PBXFileReference; lastKnownFileType = sourcecode.swift; path = ManufactureViewModelTest.swift; sourceTree = "<group>"; };
		DCDB94A2277FA40B00AD2864 /* MockServiceLauncher.swift */ = {isa = PBXFileReference; lastKnownFileType = sourcecode.swift; path = MockServiceLauncher.swift; sourceTree = "<group>"; };
		DCDB94A8277FB49C00AD2864 /* CarModelService.swift */ = {isa = PBXFileReference; fileEncoding = 4; lastKnownFileType = sourcecode.swift; path = CarModelService.swift; sourceTree = "<group>"; };
		DCDB94AD277FB55700AD2864 /* CarModelCoordinator.swift */ = {isa = PBXFileReference; fileEncoding = 4; lastKnownFileType = sourcecode.swift; path = CarModelCoordinator.swift; sourceTree = "<group>"; };
		DCDB94AF277FB8B800AD2864 /* CarModelVC.swift */ = {isa = PBXFileReference; fileEncoding = 4; lastKnownFileType = sourcecode.swift; path = CarModelVC.swift; sourceTree = "<group>"; };
		DCDB94B2277FBE3B00AD2864 /* ManufacturerListViewModel.swift */ = {isa = PBXFileReference; lastKnownFileType = sourcecode.swift; path = ManufacturerListViewModel.swift; sourceTree = "<group>"; };
		DCDB94B4277FBEB900AD2864 /* CarModelViewModel.swift */ = {isa = PBXFileReference; fileEncoding = 4; lastKnownFileType = sourcecode.swift; path = CarModelViewModel.swift; sourceTree = "<group>"; };
/* End PBXFileReference section */

/* Begin PBXFrameworksBuildPhase section */
		DCDB9438277EF83300AD2864 /* Frameworks */ = {
			isa = PBXFrameworksBuildPhase;
			buildActionMask = 2147483647;
			files = (
			);
			runOnlyForDeploymentPostprocessing = 0;
		};
		DCDB944E277EF83600AD2864 /* Frameworks */ = {
			isa = PBXFrameworksBuildPhase;
			buildActionMask = 2147483647;
			files = (
			);
			runOnlyForDeploymentPostprocessing = 0;
		};
/* End PBXFrameworksBuildPhase section */

/* Begin PBXGroup section */
		DCDB9432277EF83300AD2864 = {
			isa = PBXGroup;
			children = (
				DCDB943D277EF83300AD2864 /* CarsHub */,
				DCDB9454277EF83600AD2864 /* CarsHubTests */,
				DCDB943C277EF83300AD2864 /* Products */,
			);
			sourceTree = "<group>";
		};
		DCDB943C277EF83300AD2864 /* Products */ = {
			isa = PBXGroup;
			children = (
				DCDB943B277EF83300AD2864 /* CarsHub.app */,
				DCDB9451277EF83600AD2864 /* CarsHubTests.xctest */,
			);
			name = Products;
			sourceTree = "<group>";
		};
		DCDB943D277EF83300AD2864 /* CarsHub */ = {
			isa = PBXGroup;
			children = (
				DCDB9474277F110A00AD2864 /* Core */,
				DCDB946E277F0E0300AD2864 /* Modules */,
				DCDB9447277EF83600AD2864 /* Assets.xcassets */,
				DCDB9449277EF83600AD2864 /* LaunchScreen.storyboard */,
				DCDB944C277EF83600AD2864 /* Info.plist */,
			);
			path = CarsHub;
			sourceTree = "<group>";
		};
		DCDB9454277EF83600AD2864 /* CarsHubTests */ = {
			isa = PBXGroup;
			children = (
				DCDB94A5277FA4AF00AD2864 /* CommonLogics */,
				DCDB94A6277FA4CE00AD2864 /* Mocks */,
				DCDB94A0277FA32000AD2864 /* Modules */,
				DCDB9495277F9C0400AD2864 /* Service */,
			);
			path = CarsHubTests;
			sourceTree = "<group>";
		};
		DCDB946E277F0E0300AD2864 /* Modules */ = {
			isa = PBXGroup;
			children = (
				DCDB94B1277FBD3100AD2864 /* MultiPageList */,
				DCDB946F277F0E0D00AD2864 /* ManufacturerList */,
				DCDB94A7277FB46600AD2864 /* CarList */,
			);
			path = Modules;
			sourceTree = "<group>";
		};
		DCDB946F277F0E0D00AD2864 /* ManufacturerList */ = {
			isa = PBXGroup;
			children = (
				DCDB9486277F4EE000AD2864 /* CustomViews */,
				DCDB9481277F459900AD2864 /* Service */,
				DCDB9442277EF83300AD2864 /* ManufacturerListVC.swift */,
				DCDB94B2277FBE3B00AD2864 /* ManufacturerListViewModel.swift */,
				DCDB9470277F0E7600AD2864 /* ManufactureListCoordinator.swift */,
			);
			path = ManufacturerList;
			sourceTree = "<group>";
		};
		DCDB9474277F110A00AD2864 /* Core */ = {
			isa = PBXGroup;
			children = (
				DCDB949A277FA2A900AD2864 /* Base Classes */,
				DCDB9490277F954800AD2864 /* Extensions */,
				DCDB948D277F639B00AD2864 /* DI */,
				DCDB947E277F21A300AD2864 /* Service */,
				DCDB9479277F11D700AD2864 /* Coordinator */,
				DCDB943E277EF83300AD2864 /* AppDelegate.swift */,
				DCDB9440277EF83300AD2864 /* SceneDelegate.swift */,
			);
			path = Core;
			sourceTree = "<group>";
		};
		DCDB9479277F11D700AD2864 /* Coordinator */ = {
			isa = PBXGroup;
			children = (
				DCDB9477277F11CA00AD2864 /* Coordinator.swift */,
				DCDB9475277F11B800AD2864 /* RootCoordinator.swift */,
			);
			path = Coordinator;
			sourceTree = "<group>";
		};
		DCDB947E277F21A300AD2864 /* Service */ = {
			isa = PBXGroup;
			children = (
				DCDB947F277F450500AD2864 /* ServiceRouter.swift */,
				DCDB948B277F556200AD2864 /* ServiceLauncher.swift */,
			);
			path = Service;
			sourceTree = "<group>";
		};
		DCDB9481277F459900AD2864 /* Service */ = {
			isa = PBXGroup;
			children = (
				DCDB9484277F45FA00AD2864 /* ManufactureService.swift */,
			);
			path = Service;
			sourceTree = "<group>";
		};
		DCDB9486277F4EE000AD2864 /* CustomViews */ = {
			isa = PBXGroup;
			children = (
				DCDB9487277F4F2300AD2864 /* SimpleTableViewCell.swift */,
				DCDB9489277F4FAC00AD2864 /* SimpleTableViewCellViewModel.swift */,
			);
			path = CustomViews;
			sourceTree = "<group>";
		};
		DCDB948D277F639B00AD2864 /* DI */ = {
			isa = PBXGroup;
			children = (
				DCDB948E277F63B800AD2864 /* Dependencies.swift */,
			);
			path = DI;
			sourceTree = "<group>";
		};
		DCDB9490277F954800AD2864 /* Extensions */ = {
			isa = PBXGroup;
			children = (
				DCDB9491277F955C00AD2864 /* TableViewExtensions.swift */,
				DCDB9498277FA0B300AD2864 /* UIViewExtensions.swift */,
				DCDB9493277F9ACC00AD2864 /* UIViewControllerExtensions.swift */,
			);
			path = Extensions;
			sourceTree = "<group>";
		};
		DCDB9495277F9C0400AD2864 /* Service */ = {
			isa = PBXGroup;
			children = (
				DCDB9496277F9C1E00AD2864 /* ServiceRouterTests.swift */,
			);
			path = Service;
			sourceTree = "<group>";
		};
		DCDB949A277FA2A900AD2864 /* Base Classes */ = {
			isa = PBXGroup;
			children = (
				DCDB949C277FA2BE00AD2864 /* BaseViewModel.swift */,
			);
			path = "Base Classes";
			sourceTree = "<group>";
		};
		DCDB94A0277FA32000AD2864 /* Modules */ = {
			isa = PBXGroup;
			children = (
				DCDB94A1277FA32C00AD2864 /* Manufactures */,
			);
			path = Modules;
			sourceTree = "<group>";
		};
		DCDB94A1277FA32C00AD2864 /* Manufactures */ = {
			isa = PBXGroup;
			children = (
				DCDB949E277FA31C00AD2864 /* ManufactureViewModelTest.swift */,
			);
			path = Manufactures;
			sourceTree = "<group>";
		};
		DCDB94A5277FA4AF00AD2864 /* CommonLogics */ = {
			isa = PBXGroup;
			children = (
				DCDB9455277EF83600AD2864 /* SimpleTableViewCellViewModelTests.swift */,
			);
			path = CommonLogics;
			sourceTree = "<group>";
		};
		DCDB94A6277FA4CE00AD2864 /* Mocks */ = {
			isa = PBXGroup;
			children = (
				DCDB94A2277FA40B00AD2864 /* MockServiceLauncher.swift */,
			);
			path = Mocks;
			sourceTree = "<group>";
		};
		DCDB94A7277FB46600AD2864 /* CarList */ = {
			isa = PBXGroup;
			children = (
				DCDB94AA277FB4A400AD2864 /* Service */,
				DCDB94AF277FB8B800AD2864 /* CarModelVC.swift */,
				DCDB94B4277FBEB900AD2864 /* CarModelViewModel.swift */,
				DCDB94AD277FB55700AD2864 /* CarModelCoordinator.swift */,
			);
			path = CarList;
			sourceTree = "<group>";
		};
		DCDB94AA277FB4A400AD2864 /* Service */ = {
			isa = PBXGroup;
			children = (
				DCDB94A8277FB49C00AD2864 /* CarModelService.swift */,
			);
			path = Service;
			sourceTree = "<group>";
		};
		DCDB94B1277FBD3100AD2864 /* MultiPageList */ = {
			isa = PBXGroup;
			children = (
				DCDB9472277F107300AD2864 /* MultiPageListViewModel.swift */,
				DCDB9482277F45F000AD2864 /* MultiPageListModel.swift */,
			);
			path = MultiPageList;
			sourceTree = "<group>";
		};
/* End PBXGroup section */

/* Begin PBXNativeTarget section */
		DCDB943A277EF83300AD2864 /* CarsHub */ = {
			isa = PBXNativeTarget;
			buildConfigurationList = DCDB9465277EF83600AD2864 /* Build configuration list for PBXNativeTarget "CarsHub" */;
			buildPhases = (
				DCDB9437277EF83300AD2864 /* Sources */,
				DCDB9438277EF83300AD2864 /* Frameworks */,
				DCDB9439277EF83300AD2864 /* Resources */,
			);
			buildRules = (
			);
			dependencies = (
			);
			name = CarsHub;
			productName = CarsHub;
			productReference = DCDB943B277EF83300AD2864 /* CarsHub.app */;
			productType = "com.apple.product-type.application";
		};
		DCDB9450277EF83600AD2864 /* CarsHubTests */ = {
			isa = PBXNativeTarget;
			buildConfigurationList = DCDB9468277EF83600AD2864 /* Build configuration list for PBXNativeTarget "CarsHubTests" */;
			buildPhases = (
				DCDB944D277EF83600AD2864 /* Sources */,
				DCDB944E277EF83600AD2864 /* Frameworks */,
				DCDB944F277EF83600AD2864 /* Resources */,
			);
			buildRules = (
			);
			dependencies = (
				DCDB9453277EF83600AD2864 /* PBXTargetDependency */,
			);
			name = CarsHubTests;
			productName = CarsHubTests;
			productReference = DCDB9451277EF83600AD2864 /* CarsHubTests.xctest */;
			productType = "com.apple.product-type.bundle.unit-test";
		};
/* End PBXNativeTarget section */

/* Begin PBXProject section */
		DCDB9433277EF83300AD2864 /* Project object */ = {
			isa = PBXProject;
			attributes = {
				BuildIndependentTargetsInParallel = 1;
				LastSwiftUpdateCheck = 1310;
				LastUpgradeCheck = 1310;
				TargetAttributes = {
					DCDB943A277EF83300AD2864 = {
						CreatedOnToolsVersion = 13.1;
					};
					DCDB9450277EF83600AD2864 = {
						CreatedOnToolsVersion = 13.1;
						TestTargetID = DCDB943A277EF83300AD2864;
					};
				};
			};
			buildConfigurationList = DCDB9436277EF83300AD2864 /* Build configuration list for PBXProject "CarsHub" */;
			compatibilityVersion = "Xcode 13.0";
			developmentRegion = en;
			hasScannedForEncodings = 0;
			knownRegions = (
				en,
				Base,
			);
			mainGroup = DCDB9432277EF83300AD2864;
			productRefGroup = DCDB943C277EF83300AD2864 /* Products */;
			projectDirPath = "";
			projectRoot = "";
			targets = (
				DCDB943A277EF83300AD2864 /* CarsHub */,
				DCDB9450277EF83600AD2864 /* CarsHubTests */,
			);
		};
/* End PBXProject section */

/* Begin PBXResourcesBuildPhase section */
		DCDB9439277EF83300AD2864 /* Resources */ = {
			isa = PBXResourcesBuildPhase;
			buildActionMask = 2147483647;
			files = (
				DCDB944B277EF83600AD2864 /* LaunchScreen.storyboard in Resources */,
				DCDB9448277EF83600AD2864 /* Assets.xcassets in Resources */,
			);
			runOnlyForDeploymentPostprocessing = 0;
		};
		DCDB944F277EF83600AD2864 /* Resources */ = {
			isa = PBXResourcesBuildPhase;
			buildActionMask = 2147483647;
			files = (
			);
			runOnlyForDeploymentPostprocessing = 0;
		};
/* End PBXResourcesBuildPhase section */

/* Begin PBXSourcesBuildPhase section */
		DCDB9437277EF83300AD2864 /* Sources */ = {
			isa = PBXSourcesBuildPhase;
			buildActionMask = 2147483647;
			files = (
				DCDB948F277F63B800AD2864 /* Dependencies.swift in Sources */,
				DCDB9480277F450500AD2864 /* ServiceRouter.swift in Sources */,
				DCDB9471277F0E7600AD2864 /* ManufactureListCoordinator.swift in Sources */,
				DCDB9473277F107300AD2864 /* MultiPageListViewModel.swift in Sources */,
				DCDB9494277F9ACC00AD2864 /* UIViewControllerExtensions.swift in Sources */,
				DCDB949D277FA2BE00AD2864 /* BaseViewModel.swift in Sources */,
				DCDB94A9277FB49C00AD2864 /* CarModelService.swift in Sources */,
				DCDB9488277F4F2300AD2864 /* SimpleTableViewCell.swift in Sources */,
				DCDB948C277F556200AD2864 /* ServiceLauncher.swift in Sources */,
				DCDB9485277F45FA00AD2864 /* ManufactureService.swift in Sources */,
				DCDB94AE277FB55700AD2864 /* CarModelCoordinator.swift in Sources */,
				DCDB9443277EF83300AD2864 /* ManufacturerListVC.swift in Sources */,
				DCDB943F277EF83300AD2864 /* AppDelegate.swift in Sources */,
				DCDB9476277F11B800AD2864 /* RootCoordinator.swift in Sources */,
				DCDB9483277F45F000AD2864 /* MultiPageListModel.swift in Sources */,
				DCDB9492277F955C00AD2864 /* TableViewExtensions.swift in Sources */,
				DCDB9478277F11CA00AD2864 /* Coordinator.swift in Sources */,
				DCDB9499277FA0B300AD2864 /* UIViewExtensions.swift in Sources */,
				DCDB94B0277FB8B800AD2864 /* CarModelVC.swift in Sources */,
				DCDB948A277F4FAC00AD2864 /* SimpleTableViewCellViewModel.swift in Sources */,
				DCDB94B3277FBE3B00AD2864 /* ManufacturerListViewModel.swift in Sources */,
				DCDB94B5277FBEB900AD2864 /* CarModelViewModel.swift in Sources */,
				DCDB9441277EF83300AD2864 /* SceneDelegate.swift in Sources */,
			);
			runOnlyForDeploymentPostprocessing = 0;
		};
		DCDB944D277EF83600AD2864 /* Sources */ = {
			isa = PBXSourcesBuildPhase;
			buildActionMask = 2147483647;
			files = (
				DCDB9497277F9C1E00AD2864 /* ServiceRouterTests.swift in Sources */,
				DCDB949F277FA31C00AD2864 /* ManufactureViewModelTest.swift in Sources */,
				DCDB9456277EF83600AD2864 /* SimpleTableViewCellViewModelTests.swift in Sources */,
				DCDB94A3277FA40B00AD2864 /* MockServiceLauncher.swift in Sources */,
			);
			runOnlyForDeploymentPostprocessing = 0;
		};
/* End PBXSourcesBuildPhase section */

/* Begin PBXTargetDependency section */
		DCDB9453277EF83600AD2864 /* PBXTargetDependency */ = {
			isa = PBXTargetDependency;
			target = DCDB943A277EF83300AD2864 /* CarsHub */;
			targetProxy = DCDB9452277EF83600AD2864 /* PBXContainerItemProxy */;
		};
/* End PBXTargetDependency section */

/* Begin PBXVariantGroup section */
		DCDB9449277EF83600AD2864 /* LaunchScreen.storyboard */ = {
			isa = PBXVariantGroup;
			children = (
				DCDB944A277EF83600AD2864 /* Base */,
			);
			name = LaunchScreen.storyboard;
			sourceTree = "<group>";
		};
/* End PBXVariantGroup section */

/* Begin XCBuildConfiguration section */
		DCDB9463277EF83600AD2864 /* Debug */ = {
			isa = XCBuildConfiguration;
			buildSettings = {
				ALWAYS_SEARCH_USER_PATHS = NO;
				CLANG_ANALYZER_NONNULL = YES;
				CLANG_ANALYZER_NUMBER_OBJECT_CONVERSION = YES_AGGRESSIVE;
				CLANG_CXX_LANGUAGE_STANDARD = "gnu++17";
				CLANG_CXX_LIBRARY = "libc++";
				CLANG_ENABLE_MODULES = YES;
				CLANG_ENABLE_OBJC_ARC = YES;
				CLANG_ENABLE_OBJC_WEAK = YES;
				CLANG_WARN_BLOCK_CAPTURE_AUTORELEASING = YES;
				CLANG_WARN_BOOL_CONVERSION = YES;
				CLANG_WARN_COMMA = YES;
				CLANG_WARN_CONSTANT_CONVERSION = YES;
				CLANG_WARN_DEPRECATED_OBJC_IMPLEMENTATIONS = YES;
				CLANG_WARN_DIRECT_OBJC_ISA_USAGE = YES_ERROR;
				CLANG_WARN_DOCUMENTATION_COMMENTS = YES;
				CLANG_WARN_EMPTY_BODY = YES;
				CLANG_WARN_ENUM_CONVERSION = YES;
				CLANG_WARN_INFINITE_RECURSION = YES;
				CLANG_WARN_INT_CONVERSION = YES;
				CLANG_WARN_NON_LITERAL_NULL_CONVERSION = YES;
				CLANG_WARN_OBJC_IMPLICIT_RETAIN_SELF = YES;
				CLANG_WARN_OBJC_LITERAL_CONVERSION = YES;
				CLANG_WARN_OBJC_ROOT_CLASS = YES_ERROR;
				CLANG_WARN_QUOTED_INCLUDE_IN_FRAMEWORK_HEADER = YES;
				CLANG_WARN_RANGE_LOOP_ANALYSIS = YES;
				CLANG_WARN_STRICT_PROTOTYPES = YES;
				CLANG_WARN_SUSPICIOUS_MOVE = YES;
				CLANG_WARN_UNGUARDED_AVAILABILITY = YES_AGGRESSIVE;
				CLANG_WARN_UNREACHABLE_CODE = YES;
				CLANG_WARN__DUPLICATE_METHOD_MATCH = YES;
				COPY_PHASE_STRIP = NO;
				DEBUG_INFORMATION_FORMAT = dwarf;
				ENABLE_STRICT_OBJC_MSGSEND = YES;
				ENABLE_TESTABILITY = YES;
				GCC_C_LANGUAGE_STANDARD = gnu11;
				GCC_DYNAMIC_NO_PIC = NO;
				GCC_NO_COMMON_BLOCKS = YES;
				GCC_OPTIMIZATION_LEVEL = 0;
				GCC_PREPROCESSOR_DEFINITIONS = (
					"DEBUG=1",
					"$(inherited)",
				);
				GCC_WARN_64_TO_32_BIT_CONVERSION = YES;
				GCC_WARN_ABOUT_RETURN_TYPE = YES_ERROR;
				GCC_WARN_UNDECLARED_SELECTOR = YES;
				GCC_WARN_UNINITIALIZED_AUTOS = YES_AGGRESSIVE;
				GCC_WARN_UNUSED_FUNCTION = YES;
				GCC_WARN_UNUSED_VARIABLE = YES;
				IPHONEOS_DEPLOYMENT_TARGET = 15.0;
				MTL_ENABLE_DEBUG_INFO = INCLUDE_SOURCE;
				MTL_FAST_MATH = YES;
				ONLY_ACTIVE_ARCH = YES;
				SDKROOT = iphoneos;
				SWIFT_ACTIVE_COMPILATION_CONDITIONS = DEBUG;
				SWIFT_OPTIMIZATION_LEVEL = "-Onone";
			};
			name = Debug;
		};
		DCDB9464277EF83600AD2864 /* Release */ = {
			isa = XCBuildConfiguration;
			buildSettings = {
				ALWAYS_SEARCH_USER_PATHS = NO;
				CLANG_ANALYZER_NONNULL = YES;
				CLANG_ANALYZER_NUMBER_OBJECT_CONVERSION = YES_AGGRESSIVE;
				CLANG_CXX_LANGUAGE_STANDARD = "gnu++17";
				CLANG_CXX_LIBRARY = "libc++";
				CLANG_ENABLE_MODULES = YES;
				CLANG_ENABLE_OBJC_ARC = YES;
				CLANG_ENABLE_OBJC_WEAK = YES;
				CLANG_WARN_BLOCK_CAPTURE_AUTORELEASING = YES;
				CLANG_WARN_BOOL_CONVERSION = YES;
				CLANG_WARN_COMMA = YES;
				CLANG_WARN_CONSTANT_CONVERSION = YES;
				CLANG_WARN_DEPRECATED_OBJC_IMPLEMENTATIONS = YES;
				CLANG_WARN_DIRECT_OBJC_ISA_USAGE = YES_ERROR;
				CLANG_WARN_DOCUMENTATION_COMMENTS = YES;
				CLANG_WARN_EMPTY_BODY = YES;
				CLANG_WARN_ENUM_CONVERSION = YES;
				CLANG_WARN_INFINITE_RECURSION = YES;
				CLANG_WARN_INT_CONVERSION = YES;
				CLANG_WARN_NON_LITERAL_NULL_CONVERSION = YES;
				CLANG_WARN_OBJC_IMPLICIT_RETAIN_SELF = YES;
				CLANG_WARN_OBJC_LITERAL_CONVERSION = YES;
				CLANG_WARN_OBJC_ROOT_CLASS = YES_ERROR;
				CLANG_WARN_QUOTED_INCLUDE_IN_FRAMEWORK_HEADER = YES;
				CLANG_WARN_RANGE_LOOP_ANALYSIS = YES;
				CLANG_WARN_STRICT_PROTOTYPES = YES;
				CLANG_WARN_SUSPICIOUS_MOVE = YES;
				CLANG_WARN_UNGUARDED_AVAILABILITY = YES_AGGRESSIVE;
				CLANG_WARN_UNREACHABLE_CODE = YES;
				CLANG_WARN__DUPLICATE_METHOD_MATCH = YES;
				COPY_PHASE_STRIP = NO;
				DEBUG_INFORMATION_FORMAT = "dwarf-with-dsym";
				ENABLE_NS_ASSERTIONS = NO;
				ENABLE_STRICT_OBJC_MSGSEND = YES;
				GCC_C_LANGUAGE_STANDARD = gnu11;
				GCC_NO_COMMON_BLOCKS = YES;
				GCC_WARN_64_TO_32_BIT_CONVERSION = YES;
				GCC_WARN_ABOUT_RETURN_TYPE = YES_ERROR;
				GCC_WARN_UNDECLARED_SELECTOR = YES;
				GCC_WARN_UNINITIALIZED_AUTOS = YES_AGGRESSIVE;
				GCC_WARN_UNUSED_FUNCTION = YES;
				GCC_WARN_UNUSED_VARIABLE = YES;
				IPHONEOS_DEPLOYMENT_TARGET = 15.0;
				MTL_ENABLE_DEBUG_INFO = NO;
				MTL_FAST_MATH = YES;
				SDKROOT = iphoneos;
				SWIFT_COMPILATION_MODE = wholemodule;
				SWIFT_OPTIMIZATION_LEVEL = "-O";
				VALIDATE_PRODUCT = YES;
			};
			name = Release;
		};
		DCDB9466277EF83600AD2864 /* Debug */ = {
			isa = XCBuildConfiguration;
			buildSettings = {
				ASSETCATALOG_COMPILER_APPICON_NAME = AppIcon;
				ASSETCATALOG_COMPILER_GLOBAL_ACCENT_COLOR_NAME = AccentColor;
				CODE_SIGN_STYLE = Automatic;
				CURRENT_PROJECT_VERSION = 1;
				DEVELOPMENT_TEAM = JSLM23YG4T;
				GENERATE_INFOPLIST_FILE = YES;
				INFOPLIST_FILE = CarsHub/Info.plist;
				INFOPLIST_KEY_UIApplicationSupportsIndirectInputEvents = YES;
				INFOPLIST_KEY_UILaunchStoryboardName = LaunchScreen;
				INFOPLIST_KEY_UISupportedInterfaceOrientations_iPad = "UIInterfaceOrientationPortrait UIInterfaceOrientationPortraitUpsideDown UIInterfaceOrientationLandscapeLeft UIInterfaceOrientationLandscapeRight";
				INFOPLIST_KEY_UISupportedInterfaceOrientations_iPhone = "UIInterfaceOrientationPortrait UIInterfaceOrientationLandscapeLeft UIInterfaceOrientationLandscapeRight";
				IPHONEOS_DEPLOYMENT_TARGET = 13.0;
				LD_RUNPATH_SEARCH_PATHS = (
					"$(inherited)",
					"@executable_path/Frameworks",
				);
				MARKETING_VERSION = 1.0;
				PRODUCT_BUNDLE_IDENTIFIER = xyz.carshub.CarsHub;
				PRODUCT_NAME = "$(TARGET_NAME)";
				SWIFT_EMIT_LOC_STRINGS = YES;
				SWIFT_VERSION = 5.0;
				TARGETED_DEVICE_FAMILY = "1,2";
			};
			name = Debug;
		};
		DCDB9467277EF83600AD2864 /* Release */ = {
			isa = XCBuildConfiguration;
			buildSettings = {
				ASSETCATALOG_COMPILER_APPICON_NAME = AppIcon;
				ASSETCATALOG_COMPILER_GLOBAL_ACCENT_COLOR_NAME = AccentColor;
				CODE_SIGN_STYLE = Automatic;
				CURRENT_PROJECT_VERSION = 1;
				DEVELOPMENT_TEAM = JSLM23YG4T;
				GENERATE_INFOPLIST_FILE = YES;
				INFOPLIST_FILE = CarsHub/Info.plist;
				INFOPLIST_KEY_UIApplicationSupportsIndirectInputEvents = YES;
				INFOPLIST_KEY_UILaunchStoryboardName = LaunchScreen;
				INFOPLIST_KEY_UISupportedInterfaceOrientations_iPad = "UIInterfaceOrientationPortrait UIInterfaceOrientationPortraitUpsideDown UIInterfaceOrientationLandscapeLeft UIInterfaceOrientationLandscapeRight";
				INFOPLIST_KEY_UISupportedInterfaceOrientations_iPhone = "UIInterfaceOrientationPortrait UIInterfaceOrientationLandscapeLeft UIInterfaceOrientationLandscapeRight";
				IPHONEOS_DEPLOYMENT_TARGET = 13.0;
				LD_RUNPATH_SEARCH_PATHS = (
					"$(inherited)",
					"@executable_path/Frameworks",
				);
				MARKETING_VERSION = 1.0;
				PRODUCT_BUNDLE_IDENTIFIER = xyz.carshub.CarsHub;
				PRODUCT_NAME = "$(TARGET_NAME)";
				SWIFT_EMIT_LOC_STRINGS = YES;
				SWIFT_VERSION = 5.0;
				TARGETED_DEVICE_FAMILY = "1,2";
			};
			name = Release;
		};
		DCDB9469277EF83600AD2864 /* Debug */ = {
			isa = XCBuildConfiguration;
			buildSettings = {
				ALWAYS_EMBED_SWIFT_STANDARD_LIBRARIES = YES;
				BUNDLE_LOADER = "$(TEST_HOST)";
				CODE_SIGN_STYLE = Automatic;
				CURRENT_PROJECT_VERSION = 1;
				DEVELOPMENT_TEAM = JSLM23YG4T;
				GENERATE_INFOPLIST_FILE = YES;
				IPHONEOS_DEPLOYMENT_TARGET = 13.0;
				LD_RUNPATH_SEARCH_PATHS = (
					"$(inherited)",
					"@executable_path/Frameworks",
					"@loader_path/Frameworks",
				);
				MARKETING_VERSION = 1.0;
				PRODUCT_BUNDLE_IDENTIFIER = xyz.carshub.CarsHubTests;
				PRODUCT_NAME = "$(TARGET_NAME)";
				SWIFT_EMIT_LOC_STRINGS = NO;
				SWIFT_VERSION = 5.0;
				TARGETED_DEVICE_FAMILY = "1,2";
				TEST_HOST = "$(BUILT_PRODUCTS_DIR)/CarsHub.app/CarsHub";
			};
			name = Debug;
		};
		DCDB946A277EF83600AD2864 /* Release */ = {
			isa = XCBuildConfiguration;
			buildSettings = {
				ALWAYS_EMBED_SWIFT_STANDARD_LIBRARIES = YES;
				BUNDLE_LOADER = "$(TEST_HOST)";
				CODE_SIGN_STYLE = Automatic;
				CURRENT_PROJECT_VERSION = 1;
				DEVELOPMENT_TEAM = JSLM23YG4T;
				GENERATE_INFOPLIST_FILE = YES;
				IPHONEOS_DEPLOYMENT_TARGET = 13.0;
				LD_RUNPATH_SEARCH_PATHS = (
					"$(inherited)",
					"@executable_path/Frameworks",
					"@loader_path/Frameworks",
				);
				MARKETING_VERSION = 1.0;
				PRODUCT_BUNDLE_IDENTIFIER = xyz.carshub.CarsHubTests;
				PRODUCT_NAME = "$(TARGET_NAME)";
				SWIFT_EMIT_LOC_STRINGS = NO;
				SWIFT_VERSION = 5.0;
				TARGETED_DEVICE_FAMILY = "1,2";
				TEST_HOST = "$(BUILT_PRODUCTS_DIR)/CarsHub.app/CarsHub";
			};
			name = Release;
		};
/* End XCBuildConfiguration section */

/* Begin XCConfigurationList section */
		DCDB9436277EF83300AD2864 /* Build configuration list for PBXProject "CarsHub" */ = {
			isa = XCConfigurationList;
			buildConfigurations = (
				DCDB9463277EF83600AD2864 /* Debug */,
				DCDB9464277EF83600AD2864 /* Release */,
			);
			defaultConfigurationIsVisible = 0;
			defaultConfigurationName = Release;
		};
		DCDB9465277EF83600AD2864 /* Build configuration list for PBXNativeTarget "CarsHub" */ = {
			isa = XCConfigurationList;
			buildConfigurations = (
				DCDB9466277EF83600AD2864 /* Debug */,
				DCDB9467277EF83600AD2864 /* Release */,
			);
			defaultConfigurationIsVisible = 0;
			defaultConfigurationName = Release;
		};
		DCDB9468277EF83600AD2864 /* Build configuration list for PBXNativeTarget "CarsHubTests" */ = {
			isa = XCConfigurationList;
			buildConfigurations = (
				DCDB9469277EF83600AD2864 /* Debug */,
				DCDB946A277EF83600AD2864 /* Release */,
			);
			defaultConfigurationIsVisible = 0;
			defaultConfigurationName = Release;
		};
/* End XCConfigurationList section */
	};
	rootObject = DCDB9433277EF83300AD2864 /* Project object */;
}
